
Microsoft Visual Studio Solution File, Format Version 12.00
# Visual Studio Version 17
VisualStudioVersion = 17.3.32901.215
MinimumVisualStudioVersion = 10.0.40219.1
Project("{FAE04EC0-301F-11D3-BF4B-00C04F79EFBC}") = "foreach", "foreach\foreach.csproj", "{B029328A-EB0F-486E-8488-C322D75DCB26}"
EndProject
Global
	GlobalSection(SolutionConfigurationPlatforms) = preSolution
		Debug|Any CPU = Debug|Any CPU
		Release|Any CPU = Release|Any CPU
	EndGlobalSection
	GlobalSection(ProjectConfigurationPlatforms) = postSolution
		{B029328A-EB0F-486E-8488-C322D75DCB26}.Debug|Any CPU.ActiveCfg = Debug|Any CPU
		{B029328A-EB0F-486E-8488-C322D75DCB26}.Debug|Any CPU.Build.0 = Debug|Any CPU
		{B029328A-EB0F-486E-8488-C322D75DCB26}.Release|Any CPU.ActiveCfg = Release|Any CPU
		{B029328A-EB0F-486E-8488-C322D75DCB26}.Release|Any CPU.Build.0 = Release|Any CPU
	EndGlobalSection
	GlobalSection(SolutionProperties) = preSolution
		HideSolutionNode = FALSE
	EndGlobalSection
	GlobalSection(ExtensibilityGlobals) = postSolution
		SolutionGuid = {DB2AE730-6E70-4FCC-BC20-ED0A58CBE9F8}
	EndGlobalSection
EndGlobal
